
Microsoft Visual Studio Solution File, Format Version 12.00
# Visual Studio Version 16
VisualStudioVersion = 16.0.30002.166
MinimumVisualStudioVersion = 10.0.40219.1
Project("{FAE04EC0-301F-11D3-BF4B-00C04F79EFBC}") = "Exercicio_Abstracao", "Exercicio_Abstracao\Exercicio_Abstracao.csproj", "{FBF1BB83-AB13-408E-A676-9911118A5584}"
EndProject
Global
	GlobalSection(SolutionConfigurationPlatforms) = preSolution
		Debug|Any CPU = Debug|Any CPU
		Release|Any CPU = Release|Any CPU
	EndGlobalSection
	GlobalSection(ProjectConfigurationPlatforms) = postSolution
		{FBF1BB83-AB13-408E-A676-9911118A5584}.Debug|Any CPU.ActiveCfg = Debug|Any CPU
		{FBF1BB83-AB13-408E-A676-9911118A5584}.Debug|Any CPU.Build.0 = Debug|Any CPU
		{FBF1BB83-AB13-408E-A676-9911118A5584}.Release|Any CPU.ActiveCfg = Release|Any CPU
		{FBF1BB83-AB13-408E-A676-9911118A5584}.Release|Any CPU.Build.0 = Release|Any CPU
	EndGlobalSection
	GlobalSection(SolutionProperties) = preSolution
		HideSolutionNode = FALSE
	EndGlobalSection
	GlobalSection(ExtensibilityGlobals) = postSolution
		SolutionGuid = {E5A3602B-53A0-4E09-BEAA-6C1E52D16DD3}
	EndGlobalSection
EndGlobal
